
Microsoft Visual Studio Solution File, Format Version 12.00
# Visual Studio Version 17
VisualStudioVersion = 17.10.34928.147
MinimumVisualStudioVersion = 10.0.40219.1
Project("{FAE04EC0-301F-11D3-BF4B-00C04F79EFBC}") = "IdentityWebApiAuthentication", "IdentityWebApiAuthentication\IdentityWebApiAuthentication.csproj", "{D02DA119-ECC0-41D5-82F3-2302F69791BE}"
EndProject
Global
	GlobalSection(SolutionConfigurationPlatforms) = preSolution
		Debug|Any CPU = Debug|Any CPU
		Release|Any CPU = Release|Any CPU
	EndGlobalSection
	GlobalSection(ProjectConfigurationPlatforms) = postSolution
		{D02DA119-ECC0-41D5-82F3-2302F69791BE}.Debug|Any CPU.ActiveCfg = Debug|Any CPU
		{D02DA119-ECC0-41D5-82F3-2302F69791BE}.Debug|Any CPU.Build.0 = Debug|Any CPU
		{D02DA119-ECC0-41D5-82F3-2302F69791BE}.Release|Any CPU.ActiveCfg = Release|Any CPU
		{D02DA119-ECC0-41D5-82F3-2302F69791BE}.Release|Any CPU.Build.0 = Release|Any CPU
	EndGlobalSection
	GlobalSection(SolutionProperties) = preSolution
		HideSolutionNode = FALSE
	EndGlobalSection
	GlobalSection(ExtensibilityGlobals) = postSolution
		SolutionGuid = {ABA615D3-0EE5-4AB7-8D74-1D7953A18229}
	EndGlobalSection
EndGlobal
